Microsoft Visual Studio Solution File, Format Version 12.00
# Visual Studio Version 17
VisualStudioVersion = 17.5.2.0
MinimumVisualStudioVersion = 10.0.40219.1
Project("{FAE04EC0-301F-11D3-BF4B-00C04F79EFBC}") = "Practic-7", "Practic-7.csproj", "{A84CD5D9-8A3B-7CFC-7A24-F6C283E9E377}"
EndProject
Global
	GlobalSection(SolutionConfigurationPlatforms) = preSolution
		Debug|Any CPU = Debug|Any CPU
		Release|Any CPU = Release|Any CPU
	EndGlobalSection
	GlobalSection(ProjectConfigurationPlatforms) = postSolution
		{A84CD5D9-8A3B-7CFC-7A24-F6C283E9E377}.Debug|Any CPU.ActiveCfg = Debug|Any CPU
		{A84CD5D9-8A3B-7CFC-7A24-F6C283E9E377}.Debug|Any CPU.Build.0 = Debug|Any CPU
		{A84CD5D9-8A3B-7CFC-7A24-F6C283E9E377}.Release|Any CPU.ActiveCfg = Release|Any CPU
		{A84CD5D9-8A3B-7CFC-7A24-F6C283E9E377}.Release|Any CPU.Build.0 = Release|Any CPU
	EndGlobalSection
	GlobalSection(SolutionProperties) = preSolution
		HideSolutionNode = FALSE
	EndGlobalSection
	GlobalSection(ExtensibilityGlobals) = postSolution
		SolutionGuid = {2CB532DB-2581-4F81-91A8-743A375D9419}
	EndGlobalSection
EndGlobal
